// !$*UTF8*$!
{
	archiveVersion = 1;
	classes = {
	};
	objectVersion = 50;
	objects = {

/* Begin PBXBuildFile section */
		E15A2EB420E524B700E9EE76 /* AppDelegate.swift in Sources */ = {isa = PBXBuildFile; fileRef = E15A2EB320E524B700E9EE76 /* AppDelegate.swift */; };
		E15A2EB620E524B700E9EE76 /* ViewController.swift in Sources */ = {isa = PBXBuildFile; fileRef = E15A2EB520E524B700E9EE76 /* ViewController.swift */; };
		E15A2EB920E524B700E9EE76 /* Main.storyboard in Resources */ = {isa = PBXBuildFile; fileRef = E15A2EB720E524B700E9EE76 /* Main.storyboard */; };
		E15A2EBC20E524B700E9EE76 /* Linio_excercise.xcdatamodeld in Sources */ = {isa = PBXBuildFile; fileRef = E15A2EBA20E524B700E9EE76 /* Linio_excercise.xcdatamodeld */; };
		E15A2EBE20E524B900E9EE76 /* Assets.xcassets in Resources */ = {isa = PBXBuildFile; fileRef = E15A2EBD20E524B900E9EE76 /* Assets.xcassets */; };
		E15A2EC120E524B900E9EE76 /* LaunchScreen.storyboard in Resources */ = {isa = PBXBuildFile; fileRef = E15A2EBF20E524B900E9EE76 /* LaunchScreen.storyboard */; };
/* End PBXBuildFile section */

/* Begin PBXFileReference section */
		E15A2EB020E524B700E9EE76 /* Linio_excercise.app */ = {isa = PBXFileReference; explicitFileType = wrapper.application; includeInIndex = 0; path = Linio_excercise.app; sourceTree = BUILT_PRODUCTS_DIR; };
		E15A2EB320E524B700E9EE76 /* AppDelegate.swift */ = {isa = PBXFileReference; lastKnownFileType = sourcecode.swift; path = AppDelegate.swift; sourceTree = "<group>"; };
		E15A2EB520E524B700E9EE76 /* ViewController.swift */ = {isa = PBXFileReference; lastKnownFileType = sourcecode.swift; path = ViewController.swift; sourceTree = "<group>"; };
		E15A2EB820E524B700E9EE76 /* Base */ = {isa = PBXFileReference; lastKnownFileType = file.storyboard; name = Base; path = Base.lproj/Main.storyboard; sourceTree = "<group>"; };
		E15A2EBB20E524B700E9EE76 /* Linio_excercise.xcdatamodel */ = {isa = PBXFileReference; lastKnownFileType = wrapper.xcdatamodel; path = Linio_excercise.xcdatamodel; sourceTree = "<group>"; };
		E15A2EBD20E524B900E9EE76 /* Assets.xcassets */ = {isa = PBXFileReference; lastKnownFileType = folder.assetcatalog; path = Assets.xcassets; sourceTree = "<group>"; };
		E15A2EC020E524B900E9EE76 /* Base */ = {isa = PBXFileReference; lastKnownFileType = file.storyboard; name = Base; path = Base.lproj/LaunchScreen.storyboard; sourceTree = "<group>"; };
		E15A2EC220E524B900E9EE76 /* Info.plist */ = {isa = PBXFileReference; lastKnownFileType = text.plist.xml; path = Info.plist; sourceTree = "<group>"; };
/* End PBXFileReference section */

/* Begin PBXFrameworksBuildPhase section */
		E15A2EAD20E524B700E9EE76 /* Frameworks */ = {
			isa = PBXFrameworksBuildPhase;
			buildActionMask = 2147483647;
			files = (
			);
			runOnlyForDeploymentPostprocessing = 0;
		};
/* End PBXFrameworksBuildPhase section */

/* Begin PBXGroup section */
		E15A2EA720E524B700E9EE76 = {
			isa = PBXGroup;
			children = (
				E15A2EB220E524B700E9EE76 /* Linio_excercise */,
				E15A2EB120E524B700E9EE76 /* Products */,
			);
			sourceTree = "<group>";
		};
		E15A2EB120E524B700E9EE76 /* Products */ = {
			isa = PBXGroup;
			children = (
				E15A2EB020E524B700E9EE76 /* Linio_excercise.app */,
			);
			name = Products;
			sourceTree = "<group>";
		};
		E15A2EB220E524B700E9EE76 /* Linio_excercise */ = {
			isa = PBXGroup;
			children = (
				E15A2EB320E524B700E9EE76 /* AppDelegate.swift */,
				E15A2EB520E524B700E9EE76 /* ViewController.swift */,
				E15A2EB720E524B700E9EE76 /* Main.storyboard */,
				E15A2EBD20E524B900E9EE76 /* Assets.xcassets */,
				E15A2EBF20E524B900E9EE76 /* LaunchScreen.storyboard */,
				E15A2EC220E524B900E9EE76 /* Info.plist */,
				E15A2EBA20E524B700E9EE76 /* Linio_excercise.xcdatamodeld */,
			);
			path = Linio_excercise;
			sourceTree = "<group>";
		};
/* End PBXGroup section */

/* Begin PBXNativeTarget section */
		E15A2EAF20E524B700E9EE76 /* Linio_excercise */ = {
			isa = PBXNativeTarget;
			buildConfigurationList = E15A2EC520E524B900E9EE76 /* Build configuration list for PBXNativeTarget "Linio_excercise" */;
			buildPhases = (
				E15A2EAC20E524B700E9EE76 /* Sources */,
				E15A2EAD20E524B700E9EE76 /* Frameworks */,
				E15A2EAE20E524B700E9EE76 /* Resources */,
			);
			buildRules = (
			);
			dependencies = (
			);
			name = Linio_excercise;
			productName = Linio_excercise;
			productReference = E15A2EB020E524B700E9EE76 /* Linio_excercise.app */;
			productType = "com.apple.product-type.application";
		};
/* End PBXNativeTarget section */

/* Begin PBXProject section */
		E15A2EA820E524B700E9EE76 /* Project object */ = {
			isa = PBXProject;
			attributes = {
				LastSwiftUpdateCheck = 0940;
				LastUpgradeCheck = 0940;
				ORGANIZATIONNAME = "Ivan Lopez Ansaldo";
				TargetAttributes = {
					E15A2EAF20E524B700E9EE76 = {
						CreatedOnToolsVersion = 9.4.1;
					};
				};
			};
			buildConfigurationList = E15A2EAB20E524B700E9EE76 /* Build configuration list for PBXProject "Linio_excercise" */;
			compatibilityVersion = "Xcode 9.3";
			developmentRegion = en;
			hasScannedForEncodings = 0;
			knownRegions = (
				en,
				Base,
			);
			mainGroup = E15A2EA720E524B700E9EE76;
			productRefGroup = E15A2EB120E524B700E9EE76 /* Products */;
			projectDirPath = "";
			projectRoot = "";
			targets = (
				E15A2EAF20E524B700E9EE76 /* Linio_excercise */,
			);
		};
/* End PBXProject section */

/* Begin PBXResourcesBuildPhase section */
		E15A2EAE20E524B700E9EE76 /* Resources */ = {
			isa = PBXResourcesBuildPhase;
			buildActionMask = 2147483647;
			files = (
				E15A2EC120E524B900E9EE76 /* LaunchScreen.storyboard in Resources */,
				E15A2EBE20E524B900E9EE76 /* Assets.xcassets in Resources */,
				E15A2EB920E524B700E9EE76 /* Main.storyboard in Resources */,
			);
			runOnlyForDeploymentPostprocessing = 0;
		};
/* End PBXResourcesBuildPhase section */

/* Begin PBXSourcesBuildPhase section */
		E15A2EAC20E524B700E9EE76 /* Sources */ = {
			isa = PBXSourcesBuildPhase;
			buildActionMask = 2147483647;
			files = (
				E15A2EB620E524B700E9EE76 /* ViewController.swift in Sources */,
				E15A2EB420E524B700E9EE76 /* AppDelegate.swift in Sources */,
				E15A2EBC20E524B700E9EE76 /* Linio_excercise.xcdatamodeld in Sources */,
			);
			runOnlyForDeploymentPostprocessing = 0;
		};
/* End PBXSourcesBuildPhase section */

/* Begin PBXVariantGroup section */
		E15A2EB720E524B700E9EE76 /* Main.storyboard */ = {
			isa = PBXVariantGroup;
			children = (
				E15A2EB820E524B700E9EE76 /* Base */,
			);
			name = Main.storyboard;
			sourceTree = "<group>";
		};
		E15A2EBF20E524B900E9EE76 /* LaunchScreen.storyboard */ = {
			isa = PBXVariantGroup;
			children = (
				E15A2EC020E524B900E9EE76 /* Base */,
			);
			name = LaunchScreen.storyboard;
			sourceTree = "<group>";
		};
/* End PBXVariantGroup section */

/* Begin XCBuildConfiguration section */
		E15A2EC320E524B900E9EE76 /* Debug */ = {
			isa = XCBuildConfiguration;
			buildSettings = {
				ALWAYS_SEARCH_USER_PATHS = NO;
				CLANG_ANALYZER_NONNULL = YES;
				CLANG_ANALYZER_NUMBER_OBJECT_CONVERSION = YES_AGGRESSIVE;
				CLANG_CXX_LANGUAGE_STANDARD = "gnu++14";
				CLANG_CXX_LIBRARY = "libc++";
				CLANG_ENABLE_MODULES = YES;
				CLANG_ENABLE_OBJC_ARC = YES;
				CLANG_ENABLE_OBJC_WEAK = YES;
				CLANG_WARN_BLOCK_CAPTURE_AUTORELEASING = YES;
				CLANG_WARN_BOOL_CONVERSION = YES;
				CLANG_WARN_COMMA = YES;
				CLANG_WARN_CONSTANT_CONVERSION = YES;
				CLANG_WARN_DEPRECATED_OBJC_IMPLEMENTATIONS = YES;
				CLANG_WARN_DIRECT_OBJC_ISA_USAGE = YES_ERROR;
				CLANG_WARN_DOCUMENTATION_COMMENTS = YES;
				CLANG_WARN_EMPTY_BODY = YES;
				CLANG_WARN_ENUM_CONVERSION = YES;
				CLANG_WARN_INFINITE_RECURSION = YES;
				CLANG_WARN_INT_CONVERSION = YES;
				CLANG_WARN_NON_LITERAL_NULL_CONVERSION = YES;
				CLANG_WARN_OBJC_IMPLICIT_RETAIN_SELF = YES;
				CLANG_WARN_OBJC_LITERAL_CONVERSION = YES;
				CLANG_WARN_OBJC_ROOT_CLASS = YES_ERROR;
				CLANG_WARN_RANGE_LOOP_ANALYSIS = YES;
				CLANG_WARN_STRICT_PROTOTYPES = YES;
				CLANG_WARN_SUSPICIOUS_MOVE = YES;
				CLANG_WARN_UNGUARDED_AVAILABILITY = YES_AGGRESSIVE;
				CLANG_WARN_UNREACHABLE_CODE = YES;
				CLANG_WARN__DUPLICATE_METHOD_MATCH = YES;
				CODE_SIGN_IDENTITY = "iPhone Developer";
				COPY_PHASE_STRIP = NO;
				DEBUG_INFORMATION_FORMAT = dwarf;
				ENABLE_STRICT_OBJC_MSGSEND = YES;
				ENABLE_TESTABILITY = YES;
				GCC_C_LANGUAGE_STANDARD = gnu11;
				GCC_DYNAMIC_NO_PIC = NO;
				GCC_NO_COMMON_BLOCKS = YES;
				GCC_OPTIMIZATION_LEVEL = 0;
				GCC_PREPROCESSOR_DEFINITIONS = (
					"DEBUG=1",
					"$(inherited)",
				);
				GCC_WARN_64_TO_32_BIT_CONVERSION = YES;
				GCC_WARN_ABOUT_RETURN_TYPE = YES_ERROR;
				GCC_WARN_UNDECLARED_SELECTOR = YES;
				GCC_WARN_UNINITIALIZED_AUTOS = YES_AGGRESSIVE;
				GCC_WARN_UNUSED_FUNCTION = YES;
				GCC_WARN_UNUSED_VARIABLE = YES;
				IPHONEOS_DEPLOYMENT_TARGET = 11.4;
				MTL_ENABLE_DEBUG_INFO = YES;
				ONLY_ACTIVE_ARCH = YES;
				SDKROOT = iphoneos;
				SWIFT_ACTIVE_COMPILATION_CONDITIONS = DEBUG;
				SWIFT_OPTIMIZATION_LEVEL = "-Onone";
			};
			name = Debug;
		};
		E15A2EC420E524B900E9EE76 /* Release */ = {
			isa = XCBuildConfiguration;
			buildSettings = {
				ALWAYS_SEARCH_USER_PATHS = NO;
				CLANG_ANALYZER_NONNULL = YES;
				CLANG_ANALYZER_NUMBER_OBJECT_CONVERSION = YES_AGGRESSIVE;
				CLANG_CXX_LANGUAGE_STANDARD = "gnu++14";
				CLANG_CXX_LIBRARY = "libc++";
				CLANG_ENABLE_MODULES = YES;
				CLANG_ENABLE_OBJC_ARC = YES;
				CLANG_ENABLE_OBJC_WEAK = YES;
				CLANG_WARN_BLOCK_CAPTURE_AUTORELEASING = YES;
				CLANG_WARN_BOOL_CONVERSION = YES;
				CLANG_WARN_COMMA = YES;
				CLANG_WARN_CONSTANT_CONVERSION = YES;
				CLANG_WARN_DEPRECATED_OBJC_IMPLEMENTATIONS = YES;
				CLANG_WARN_DIRECT_OBJC_ISA_USAGE = YES_ERROR;
				CLANG_WARN_DOCUMENTATION_COMMENTS = YES;
				CLANG_WARN_EMPTY_BODY = YES;
				CLANG_WARN_ENUM_CONVERSION = YES;
				CLANG_WARN_INFINITE_RECURSION = YES;
				CLANG_WARN_INT_CONVERSION = YES;
				CLANG_WARN_NON_LITERAL_NULL_CONVERSION = YES;
				CLANG_WARN_OBJC_IMPLICIT_RETAIN_SELF = YES;
				CLANG_WARN_OBJC_LITERAL_CONVERSION = YES;
				CLANG_WARN_OBJC_ROOT_CLASS = YES_ERROR;
				CLANG_WARN_RANGE_LOOP_ANALYSIS = YES;
				CLANG_WARN_STRICT_PROTOTYPES = YES;
				CLANG_WARN_SUSPICIOUS_MOVE = YES;
				CLANG_WARN_UNGUARDED_AVAILABILITY = YES_AGGRESSIVE;
				CLANG_WARN_UNREACHABLE_CODE = YES;
				CLANG_WARN__DUPLICATE_METHOD_MATCH = YES;
				CODE_SIGN_IDENTITY = "iPhone Developer";
				COPY_PHASE_STRIP = NO;
				DEBUG_INFORMATION_FORMAT = "dwarf-with-dsym";
				ENABLE_NS_ASSERTIONS = NO;
				ENABLE_STRICT_OBJC_MSGSEND = YES;
				GCC_C_LANGUAGE_STANDARD = gnu11;
				GCC_NO_COMMON_BLOCKS = YES;
				GCC_WARN_64_TO_32_BIT_CONVERSION = YES;
				GCC_WARN_ABOUT_RETURN_TYPE = YES_ERROR;
				GCC_WARN_UNDECLARED_SELECTOR = YES;
				GCC_WARN_UNINITIALIZED_AUTOS = YES_AGGRESSIVE;
				GCC_WARN_UNUSED_FUNCTION = YES;
				GCC_WARN_UNUSED_VARIABLE = YES;
				IPHONEOS_DEPLOYMENT_TARGET = 11.4;
				MTL_ENABLE_DEBUG_INFO = NO;
				SDKROOT = iphoneos;
				SWIFT_COMPILATION_MODE = wholemodule;
				SWIFT_OPTIMIZATION_LEVEL = "-O";
				VALIDATE_PRODUCT = YES;
			};
			name = Release;
		};
		E15A2EC620E524B900E9EE76 /* Debug */ = {
			isa = XCBuildConfiguration;
			buildSettings = {
				ASSETCATALOG_COMPILER_APPICON_NAME = AppIcon;
				CODE_SIGN_STYLE = Automatic;
				INFOPLIST_FILE = Linio_excercise/Info.plist;
				LD_RUNPATH_SEARCH_PATHS = (
					"$(inherited)",
					"@executable_path/Frameworks",
				);
				PRODUCT_BUNDLE_IDENTIFIER = "com.LA.Linio-excercise";
				PRODUCT_NAME = "$(TARGET_NAME)";
				SWIFT_VERSION = 4.0;
				TARGETED_DEVICE_FAMILY = "1,2";
			};
			name = Debug;
		};
		E15A2EC720E524B900E9EE76 /* Release */ = {
			isa = XCBuildConfiguration;
			buildSettings = {
				ASSETCATALOG_COMPILER_APPICON_NAME = AppIcon;
				CODE_SIGN_STYLE = Automatic;
				INFOPLIST_FILE = Linio_excercise/Info.plist;
				LD_RUNPATH_SEARCH_PATHS = (
					"$(inherited)",
					"@executable_path/Frameworks",
				);
				PRODUCT_BUNDLE_IDENTIFIER = "com.LA.Linio-excercise";
				PRODUCT_NAME = "$(TARGET_NAME)";
				SWIFT_VERSION = 4.0;
				TARGETED_DEVICE_FAMILY = "1,2";
			};
			name = Release;
		};
/* End XCBuildConfiguration section */

/* Begin XCConfigurationList section */
		E15A2EAB20E524B700E9EE76 /* Build configuration list for PBXProject "Linio_excercise" */ = {
			isa = XCConfigurationList;
			buildConfigurations = (
				E15A2EC320E524B900E9EE76 /* Debug */,
				E15A2EC420E524B900E9EE76 /* Release */,
			);
			defaultConfigurationIsVisible = 0;
			defaultConfigurationName = Release;
		};
		E15A2EC520E524B900E9EE76 /* Build configuration list for PBXNativeTarget "Linio_excercise" */ = {
			isa = XCConfigurationList;
			buildConfigurations = (
				E15A2EC620E524B900E9EE76 /* Debug */,
				E15A2EC720E524B900E9EE76 /* Release */,
			);
			defaultConfigurationIsVisible = 0;
			defaultConfigurationName = Release;
		};
/* End XCConfigurationList section */

/* Begin XCVersionGroup section */
		E15A2EBA20E524B700E9EE76 /* Linio_excercise.xcdatamodeld */ = {
			isa = XCVersionGroup;
			children = (
				E15A2EBB20E524B700E9EE76 /* Linio_excercise.xcdatamodel */,
			);
			currentVersion = E15A2EBB20E524B700E9EE76 /* Linio_excercise.xcdatamodel */;
			path = Linio_excercise.xcdatamodeld;
			sourceTree = "<group>";
			versionGroupType = wrapper.xcdatamodel;
		};
/* End XCVersionGroup section */
	};
	rootObject = E15A2EA820E524B700E9EE76 /* Project object */;
}
